<?xml version="1.0" encoding="utf-8"?>
<Project ToolsVersion="4.0" xmlns="http://schemas.microsoft.com/developer/msbuild/2003">
  <ItemGroup>
    <Filter Include="리소스 파일">
      <UniqueIdentifier>{1c82e33c-3f1d-4ad8-a09b-8e78fbdf6323}</UniqueIdentifier>
      <Extensions>rc;ico;cur;bmp;dlg;rc2;rct;bin;rgs;jpg;jpeg;jpe;manifest</Extensions>
    </Filter>
    <Filter Include="Frame">
      <UniqueIdentifier>{7a4cc8ac-ae71-45d9-acb7-897d4629fa2b}</UniqueIdentifier>
    </Filter>
    <Filter Include="Frame\Bar">
      <UniqueIdentifier>{a78b7986-d870-4f3c-9879-9d691b96a8ff}</UniqueIdentifier>
    </Filter>
    <Filter Include="Frame\Dialog">
      <UniqueIdentifier>{60dbb1bf-7491-4fa2-95a0-2bc404d85a40}</UniqueIdentifier>
    </Filter>
    <Filter Include="Control">
      <UniqueIdentifier>{d91d6462-183a-47c7-8025-6670ea07ab7c}</UniqueIdentifier>
    </Filter>
    <Filter Include="Control\Bar">
      <UniqueIdentifier>{e63a9aa4-799c-4e08-9adb-f824b9649c76}</UniqueIdentifier>
    </Filter>
    <Filter Include="Map">
      <UniqueIdentifier>{c2221b7a-fcb1-45c1-847d-242c17668108}</UniqueIdentifier>
    </Filter>
    <Filter Include="Map\BSPMap">
      <UniqueIdentifier>{05d71607-935e-424b-80c1-4307bab138b0}</UniqueIdentifier>
    </Filter>
    <Filter Include="Map\BSPMap\Bar">
      <UniqueIdentifier>{c4308d55-d73f-4704-b899-8e4d1032d794}</UniqueIdentifier>
    </Filter>
    <Filter Include="Map\EXTMap">
      <UniqueIdentifier>{8e9fd007-950c-496e-870c-d553d35056bf}</UniqueIdentifier>
    </Filter>
    <Filter Include="Map\EXTMap\Bar">
      <UniqueIdentifier>{5247fc3b-9956-4601-bf7b-24966fb68b09}</UniqueIdentifier>
    </Filter>
    <Filter Include="Map\Bar">
      <UniqueIdentifier>{7ee7b5de-bc94-4042-9a9e-4ac637d4f1b3}</UniqueIdentifier>
    </Filter>
    <Filter Include="Map\Dialog">
      <UniqueIdentifier>{c78a39e5-6268-488e-939c-0e419b2189f2}</UniqueIdentifier>
    </Filter>
    <Filter Include="Mesh">
      <UniqueIdentifier>{072dd816-57e2-4396-88c1-62509ad8bc32}</UniqueIdentifier>
    </Filter>
    <Filter Include="Mesh\Bar">
      <UniqueIdentifier>{e7fe2cd6-1c57-406b-8140-f114629dc9ad}</UniqueIdentifier>
    </Filter>
    <Filter Include="Mesh\Dialog">
      <UniqueIdentifier>{cb6ec17c-7006-416c-9f18-f1c38800fa81}</UniqueIdentifier>
    </Filter>
    <Filter Include="Object">
      <UniqueIdentifier>{2e0bcc44-fb11-4a24-9595-30abc83dde03}</UniqueIdentifier>
    </Filter>
    <Filter Include="Object\Bar">
      <UniqueIdentifier>{342a3124-c30c-43a1-a40f-62548c100c96}</UniqueIdentifier>
    </Filter>
    <Filter Include="Object\Dialog">
      <UniqueIdentifier>{f6ea8cc5-4ac6-47f7-8d40-0b448c7b4d3f}</UniqueIdentifier>
    </Filter>
    <Filter Include="SFX">
      <UniqueIdentifier>{d1f64ac3-714a-431b-9565-d2046c66fec1}</UniqueIdentifier>
    </Filter>
    <Filter Include="SFX\Bar">
      <UniqueIdentifier>{f07506a2-f33e-4250-b9c7-d5ce5fe9d4b0}</UniqueIdentifier>
    </Filter>
    <Filter Include="SFX\Dialog">
      <UniqueIdentifier>{bac0ec51-ae4f-497c-9717-2796a46e4864}</UniqueIdentifier>
    </Filter>
    <Filter Include="Texture">
      <UniqueIdentifier>{aa483651-e93d-4544-91cb-facc7d0dd793}</UniqueIdentifier>
    </Filter>
    <Filter Include="Texture\Bar">
      <UniqueIdentifier>{9250cd84-404c-44fb-aff7-06484f7c2e02}</UniqueIdentifier>
    </Filter>
    <Filter Include="Texture\Dialog">
      <UniqueIdentifier>{589ac602-f1ea-49f9-8bd2-9583008472e5}</UniqueIdentifier>
    </Filter>
    <Filter Include="Image">
      <UniqueIdentifier>{4d734324-7ae3-4899-afb3-2bb67b1ee801}</UniqueIdentifier>
    </Filter>
    <Filter Include="Image\Bar">
      <UniqueIdentifier>{1b10a199-7f08-4fa4-854c-b6d488eb3476}</UniqueIdentifier>
    </Filter>
    <Filter Include="Media">
      <UniqueIdentifier>{6d6b33e3-9545-474c-b931-51a0711bbae0}</UniqueIdentifier>
    </Filter>
    <Filter Include="Media\Bar">
      <UniqueIdentifier>{d2581074-484b-4f93-ba5d-01be80fb237c}</UniqueIdentifier>
    </Filter>
    <Filter Include="Media\Dialog">
      <UniqueIdentifier>{132baebd-03d5-4535-8438-3409017d63a4}</UniqueIdentifier>
    </Filter>
    <Filter Include="Animation">
      <UniqueIdentifier>{66565b31-06b9-411a-840e-120f7d1b491d}</UniqueIdentifier>
    </Filter>
    <Filter Include="Animation\Bar">
      <UniqueIdentifier>{4e0ac472-1fc4-46a5-8934-0846918c806f}</UniqueIdentifier>
    </Filter>
    <Filter Include="Animation\Dialog">
      <UniqueIdentifier>{3be3e17e-4c40-4587-8cfe-359a5892be3c}</UniqueIdentifier>
    </Filter>
    <Filter Include="ObjectType">
      <UniqueIdentifier>{4533fcf1-aab4-43fc-bb94-e340c1b126c7}</UniqueIdentifier>
    </Filter>
    <Filter Include="ObjectType\PropertyPage">
      <UniqueIdentifier>{8fe2de27-d02e-4278-8624-7da2c162c8a3}</UniqueIdentifier>
    </Filter>
    <Filter Include="Item">
      <UniqueIdentifier>{0fd1f8e5-7ffe-42ba-94a1-36b06b61155f}</UniqueIdentifier>
    </Filter>
    <Filter Include="GameStudio">
      <UniqueIdentifier>{a9ef6b4e-b9e4-47b6-8291-e944935720f5}</UniqueIdentifier>
    </Filter>
    <Filter Include="GameStudio\Tree">
      <UniqueIdentifier>{769bdf5f-5ac5-4522-86cc-d5cf9fb77a58}</UniqueIdentifier>
    </Filter>
    <Filter Include="GameStudio\Dialog">
      <UniqueIdentifier>{ee0a3dbb-8564-4213-b81a-f3c1c6752704}</UniqueIdentifier>
    </Filter>
    <Filter Include="GameStudio\Base Document">
      <UniqueIdentifier>{eb00bbb7-d27f-4b9b-8a37-8590ddd5e03f}</UniqueIdentifier>
    </Filter>
    <Filter Include="GameStudio\Base View">
      <UniqueIdentifier>{c36692a6-931b-4f31-9b6d-dcdad429e1b6}</UniqueIdentifier>
    </Filter>
    <Filter Include="GameStudio\Base Frame">
      <UniqueIdentifier>{145b884e-bff4-4cbc-a741-96c846d704c9}</UniqueIdentifier>
    </Filter>
    <Filter Include="GameStudio\Bar">
      <UniqueIdentifier>{de4fe575-ef89-4fc4-bf05-739dfaca254e}</UniqueIdentifier>
    </Filter>
    <Filter Include="GameStudio\Etc">
      <UniqueIdentifier>{28e9b583-6f2c-4f3d-b23d-29b2a8f2f678}</UniqueIdentifier>
    </Filter>
    <Filter Include="Global">
      <UniqueIdentifier>{768a7376-62ac-4e68-979d-b1195d29c93b}</UniqueIdentifier>
    </Filter>
  </ItemGroup>
  <ItemGroup>
    <None Include="res\bitmap1.bmp">
      <Filter>리소스 파일</Filter>
    </None>
    <None Include="res\bmp00001.bmp">
      <Filter>리소스 파일</Filter>
    </None>
    <None Include="res\bmp00002.bmp">
      <Filter>리소스 파일</Filter>
    </None>
    <None Include="res\bmp00003.bmp">
      <Filter>리소스 파일</Filter>
    </None>
    <None Include="res\Box.tmf">
      <Filter>리소스 파일</Filter>
    </None>
    <None Include="res\cursor1.cur">
      <Filter>리소스 파일</Filter>
    </None>
    <None Include="res\Game Studio.ico">
      <Filter>리소스 파일</Filter>
    </None>
    <None Include="res\Game Studio.rc2">
      <Filter>리소스 파일</Filter>
    </None>
    <None Include="Game Studio.reg">
      <Filter>리소스 파일</Filter>
    </None>
    <None Include="res\Game StudioDoc.ico">
      <Filter>리소스 파일</Filter>
    </None>
    <None Include="res\gridtype.bmp">
      <Filter>리소스 파일</Filter>
    </None>
    <None Include="res\ico00001.ico">
      <Filter>리소스 파일</Filter>
    </None>
    <None Include="res\ico00002.ico">
      <Filter>리소스 파일</Filter>
    </None>
    <None Include="res\ico00003.ico">
      <Filter>리소스 파일</Filter>
    </None>
    <None Include="res\ico00004.ico">
      <Filter>리소스 파일</Filter>
    </None>
    <None Include="res\ico00005.ico">
      <Filter>리소스 파일</Filter>
    </None>
    <None Include="res\ico00006.ico">
      <Filter>리소스 파일</Filter>
    </None>
    <None Include="res\ico00007.ico">
      <Filter>리소스 파일</Filter>
    </None>
    <None Include="res\ico00008.ico">
      <Filter>리소스 파일</Filter>
    </None>
    <None Include="res\ico00009.ico">
      <Filter>리소스 파일</Filter>
    </None>
    <None Include="res\ico00010.ico">
      <Filter>리소스 파일</Filter>
    </None>
    <None Include="res\ico00011.ico">
      <Filter>리소스 파일</Filter>
    </None>
    <None Include="res\ico00012.ico">
      <Filter>리소스 파일</Filter>
    </None>
    <None Include="res\ico00013.ico">
      <Filter>리소스 파일</Filter>
    </None>
    <None Include="res\ico00014.ico">
      <Filter>리소스 파일</Filter>
    </None>
    <None Include="res\icon1.ico">
      <Filter>리소스 파일</Filter>
    </None>
    <None Include="res\icon2.ico">
      <Filter>리소스 파일</Filter>
    </None>
    <None Include="res\icon_add.ico">
      <Filter>리소스 파일</Filter>
    </None>
    <None Include="res\icon_box.ico">
      <Filter>리소스 파일</Filter>
    </None>
    <None Include="res\icon_del.ico">
      <Filter>리소스 파일</Filter>
    </None>
    <None Include="res\icon_hot.ico">
      <Filter>리소스 파일</Filter>
    </None>
    <None Include="res\icon_pla.ico">
      <Filter>리소스 파일</Filter>
    </None>
    <None Include="res\icon_sel.ico">
      <Filter>리소스 파일</Filter>
    </None>
    <None Include="res\icon_set.ico">
      <Filter>리소스 파일</Filter>
    </None>
    <None Include="res\icon_sph.ico">
      <Filter>리소스 파일</Filter>
    </None>
    <None Include="res\icon_uns.ico">
      <Filter>리소스 파일</Filter>
    </None>
    <None Include="res\idr_game.ico">
      <Filter>리소스 파일</Filter>
    </None>
    <None Include="res\idr_grid.ico">
      <Filter>리소스 파일</Filter>
    </None>
    <None Include="res\idr_main.ico">
      <Filter>리소스 파일</Filter>
    </None>
    <None Include="res\mainfram.bmp">
      <Filter>리소스 파일</Filter>
    </None>
    <None Include="res\PS_ADD.psh">
      <Filter>리소스 파일</Filter>
    </None>
    <None Include="res\PS_ADDSIGNED.psh">
      <Filter>리소스 파일</Filter>
    </None>
    <None Include="res\PS_ADDSIGNED2X.psh">
      <Filter>리소스 파일</Filter>
    </None>
    <None Include="res\PS_ADDSMOOTH.psh">
      <Filter>리소스 파일</Filter>
    </None>
    <None Include="res\PS_BLENDCURRENTALPHA.psh">
      <Filter>리소스 파일</Filter>
    </None>
    <None Include="res\PS_BLENDDIFFUSEALPHA.psh">
      <Filter>리소스 파일</Filter>
    </None>
    <None Include="res\PS_BLENDFACTORALPHA.psh">
      <Filter>리소스 파일</Filter>
    </None>
    <None Include="res\PS_BLENDTEXTUREALPHA.psh">
      <Filter>리소스 파일</Filter>
    </None>
    <None Include="res\PS_BLENDTEXTUREALPHAPM.psh">
      <Filter>리소스 파일</Filter>
    </None>
    <None Include="res\PS_DETAILMAP.psh">
      <Filter>리소스 파일</Filter>
    </None>
    <None Include="res\PS_DOTPRODUCT3.psh">
      <Filter>리소스 파일</Filter>
    </None>
    <None Include="res\PS_LERP.psh">
      <Filter>리소스 파일</Filter>
    </None>
    <None Include="res\PS_MAP.psh">
      <Filter>리소스 파일</Filter>
    </None>
    <None Include="res\PS_MODULATE.psh">
      <Filter>리소스 파일</Filter>
    </None>
    <None Include="res\PS_MODULATE2X.psh">
      <Filter>리소스 파일</Filter>
    </None>
    <None Include="res\PS_MODULATE4X.psh">
      <Filter>리소스 파일</Filter>
    </None>
    <None Include="res\PS_MODULATEALPHA_ADDCOLOR.psh">
      <Filter>리소스 파일</Filter>
    </None>
    <None Include="res\PS_MODULATECOLOR_ADDALPHA.psh">
      <Filter>리소스 파일</Filter>
    </None>
    <None Include="res\PS_MODULATEINVALPHA_ADDCOLOR.psh">
      <Filter>리소스 파일</Filter>
    </None>
    <None Include="res\PS_MODULATEINVCOLOR_ADDALPHA.psh">
      <Filter>리소스 파일</Filter>
    </None>
    <None Include="res\PS_MULTIPLYADD.psh">
      <Filter>리소스 파일</Filter>
    </None>
    <None Include="res\PS_SHADER.psh">
      <Filter>리소스 파일</Filter>
    </None>
    <None Include="res\PS_STAGE1.psh">
      <Filter>리소스 파일</Filter>
    </None>
    <None Include="res\PS_SUBTRACT.psh">
      <Filter>리소스 파일</Filter>
    </None>
    <None Include="ReadMe.txt">
      <Filter>리소스 파일</Filter>
    </None>
    <None Include="res\SFX.dds">
      <Filter>리소스 파일</Filter>
    </None>
    <None Include="res\SND.dds">
      <Filter>리소스 파일</Filter>
    </None>
    <None Include="res\Star.dds">
      <Filter>리소스 파일</Filter>
    </None>
    <None Include="res\Target.dds">
      <Filter>리소스 파일</Filter>
    </None>
    <None Include="res\Toolbar.bmp">
      <Filter>리소스 파일</Filter>
    </None>
    <None Include="res\toolbar1.bmp">
      <Filter>리소스 파일</Filter>
    </None>
    <None Include="res\VS_LVERTEX.vsh">
      <Filter>리소스 파일</Filter>
    </None>
    <None Include="res\VS_MESH.vsh">
      <Filter>리소스 파일</Filter>
    </None>
    <None Include="res\VS_WMESH.vsh">
      <Filter>리소스 파일</Filter>
    </None>
    <None Include="res\workspac.bmp">
      <Filter>리소스 파일</Filter>
    </None>
    <None Include="클래스계층도.txt" />
  </ItemGroup>
  <ItemGroup>
    <ResourceCompile Include="Game Studio.rc">
      <Filter>리소스 파일</Filter>
    </ResourceCompile>
  </ItemGroup>
  <ItemGroup>
    <ClCompile Include="FRAMEDoc.cpp">
      <Filter>Frame</Filter>
    </ClCompile>
    <ClCompile Include="FRAMEFrame.cpp">
      <Filter>Frame</Filter>
    </ClCompile>
    <ClCompile Include="FRAMEView.cpp">
      <Filter>Frame</Filter>
    </ClCompile>
    <ClCompile Include="FRAMEBar.cpp">
      <Filter>Frame\Bar</Filter>
    </ClCompile>
    <ClCompile Include="EditFontColorDlg.cpp">
      <Filter>Frame\Dialog</Filter>
    </ClCompile>
    <ClCompile Include="EditFontDlg.cpp">
      <Filter>Frame\Dialog</Filter>
    </ClCompile>
    <ClCompile Include="EditMenuDlg.cpp">
      <Filter>Frame\Dialog</Filter>
    </ClCompile>
    <ClCompile Include="COMPDoc.cpp">
      <Filter>Control</Filter>
    </ClCompile>
    <ClCompile Include="COMPFrame.cpp">
      <Filter>Control</Filter>
    </ClCompile>
    <ClCompile Include="COMPView.cpp">
      <Filter>Control</Filter>
    </ClCompile>
    <ClCompile Include="COMPBar.cpp">
      <Filter>Control\Bar</Filter>
    </ClCompile>
    <ClCompile Include="MAPDoc.cpp">
      <Filter>Map</Filter>
    </ClCompile>
    <ClCompile Include="MAPFrame.cpp">
      <Filter>Map</Filter>
    </ClCompile>
    <ClCompile Include="MAPView.cpp">
      <Filter>Map</Filter>
    </ClCompile>
    <ClCompile Include="BSPMAPDoc.cpp">
      <Filter>Map\BSPMap</Filter>
    </ClCompile>
    <ClCompile Include="BSPMAPFrame.cpp">
      <Filter>Map\BSPMap</Filter>
    </ClCompile>
    <ClCompile Include="BSPMAPView.cpp">
      <Filter>Map\BSPMap</Filter>
    </ClCompile>
    <ClCompile Include="BSPMAPBar.cpp">
      <Filter>Map\BSPMap\Bar</Filter>
    </ClCompile>
    <ClCompile Include="EXTMAPDoc.cpp">
      <Filter>Map\EXTMap</Filter>
    </ClCompile>
    <ClCompile Include="EXTMAPFrame.cpp">
      <Filter>Map\EXTMap</Filter>
    </ClCompile>
    <ClCompile Include="EXTMAPView.cpp">
      <Filter>Map\EXTMap</Filter>
    </ClCompile>
    <ClCompile Include="EXTMAPBar.cpp">
      <Filter>Map\EXTMap\Bar</Filter>
    </ClCompile>
    <ClCompile Include="MAPLIGHTBar.cpp">
      <Filter>Map\Bar</Filter>
    </ClCompile>
    <ClCompile Include="MAPOBJBar.cpp">
      <Filter>Map\Bar</Filter>
    </ClCompile>
    <ClCompile Include="MAPSFXBar.cpp">
      <Filter>Map\Bar</Filter>
    </ClCompile>
    <ClCompile Include="MAPSNDBar.cpp">
      <Filter>Map\Bar</Filter>
    </ClCompile>
    <ClCompile Include="AddBSPMapDlg.cpp">
      <Filter>Map\Dialog</Filter>
    </ClCompile>
    <ClCompile Include="AddHeightMapDlg.cpp">
      <Filter>Map\Dialog</Filter>
    </ClCompile>
    <ClCompile Include="AddMapDlg.cpp">
      <Filter>Map\Dialog</Filter>
    </ClCompile>
    <ClCompile Include="AdjustOBJPosDlg.cpp">
      <Filter>Map\Dialog</Filter>
    </ClCompile>
    <ClCompile Include="BuildEMDlg.cpp">
      <Filter>Map\Dialog</Filter>
    </ClCompile>
    <ClCompile Include="BuildHeightDlg.cpp">
      <Filter>Map\Dialog</Filter>
    </ClCompile>
    <ClCompile Include="BuildShadeDlg.cpp">
      <Filter>Map\Dialog</Filter>
    </ClCompile>
    <ClCompile Include="BuildShadowDlg.cpp">
      <Filter>Map\Dialog</Filter>
    </ClCompile>
    <ClCompile Include="CleanUNITOBJ.cpp">
      <Filter>Map\Dialog</Filter>
    </ClCompile>
    <ClCompile Include="DetailTextureDlg.cpp">
      <Filter>Map\Dialog</Filter>
    </ClCompile>
    <ClCompile Include="EditEnableUNITDlg.cpp">
      <Filter>Map\Dialog</Filter>
    </ClCompile>
    <ClCompile Include="EditFreezeMode.cpp">
      <Filter>Map\Dialog</Filter>
    </ClCompile>
    <ClCompile Include="EditHideMode.cpp">
      <Filter>Map\Dialog</Filter>
    </ClCompile>
    <ClCompile Include="EditUNITDlg.cpp">
      <Filter>Map\Dialog</Filter>
    </ClCompile>
    <ClCompile Include="LoadRegionDataTexDlg.cpp">
      <Filter>Map\Dialog</Filter>
    </ClCompile>
    <ClCompile Include="ObjectExchangeDlg.cpp">
      <Filter>Map\Dialog</Filter>
    </ClCompile>
    <ClCompile Include="RebuildBSPDlg.cpp">
      <Filter>Map\Dialog</Filter>
    </ClCompile>
    <ClCompile Include="SaveHeightDlg.cpp">
      <Filter>Map\Dialog</Filter>
    </ClCompile>
    <ClCompile Include="SaveMinimapDlg.cpp">
      <Filter>Map\Dialog</Filter>
    </ClCompile>
    <ClCompile Include="SelectObjByName.cpp">
      <Filter>Map\Dialog</Filter>
    </ClCompile>
    <ClCompile Include="SetImportOffsetDlg.cpp">
      <Filter>Map\Dialog</Filter>
    </ClCompile>
    <ClCompile Include="MeshDoc.cpp">
      <Filter>Mesh</Filter>
    </ClCompile>
    <ClCompile Include="MeshFrame.cpp">
      <Filter>Mesh</Filter>
    </ClCompile>
    <ClCompile Include="MeshView.cpp">
      <Filter>Mesh</Filter>
    </ClCompile>
    <ClCompile Include="MeshBar.cpp">
      <Filter>Mesh\Bar</Filter>
    </ClCompile>
    <ClCompile Include="AddMeshDlg.cpp">
      <Filter>Mesh\Dialog</Filter>
    </ClCompile>
    <ClCompile Include="OBJDoc.cpp">
      <Filter>Object</Filter>
    </ClCompile>
    <ClCompile Include="OBJFrame.cpp">
      <Filter>Object</Filter>
    </ClCompile>
    <ClCompile Include="OBJView.cpp">
      <Filter>Object</Filter>
    </ClCompile>
    <ClCompile Include="OBJBar.cpp">
      <Filter>Object\Bar</Filter>
    </ClCompile>
    <ClCompile Include="EditObjectDlg.cpp">
      <Filter>Object\Dialog</Filter>
    </ClCompile>
    <ClCompile Include="SFXDoc.cpp">
      <Filter>SFX</Filter>
    </ClCompile>
    <ClCompile Include="SFXFrame.cpp">
      <Filter>SFX</Filter>
    </ClCompile>
    <ClCompile Include="SFXView.cpp">
      <Filter>SFX</Filter>
    </ClCompile>
    <ClCompile Include="ParticleBar.cpp">
      <Filter>SFX\Bar</Filter>
    </ClCompile>
    <ClCompile Include="SFXBar.cpp">
      <Filter>SFX\Bar</Filter>
    </ClCompile>
    <ClCompile Include="FramesetDlg.cpp">
      <Filter>SFX\Dialog</Filter>
    </ClCompile>
    <ClCompile Include="TextureDoc.cpp">
      <Filter>Texture</Filter>
    </ClCompile>
    <ClCompile Include="TextureFrame.cpp">
      <Filter>Texture</Filter>
    </ClCompile>
    <ClCompile Include="TextureView.cpp">
      <Filter>Texture</Filter>
    </ClCompile>
    <ClCompile Include="TextureBar.cpp">
      <Filter>Texture\Bar</Filter>
    </ClCompile>
    <ClCompile Include="AddTextureDlg.cpp">
      <Filter>Texture\Dialog</Filter>
    </ClCompile>
    <ClCompile Include="ImageDoc.cpp">
      <Filter>Image</Filter>
    </ClCompile>
    <ClCompile Include="ImageFrame.cpp">
      <Filter>Image</Filter>
    </ClCompile>
    <ClCompile Include="ImageView.cpp">
      <Filter>Image</Filter>
    </ClCompile>
    <ClCompile Include="ImageBar.cpp">
      <Filter>Image\Bar</Filter>
    </ClCompile>
    <ClCompile Include="MediaDoc.cpp">
      <Filter>Media</Filter>
    </ClCompile>
    <ClCompile Include="MediaFrame.cpp">
      <Filter>Media</Filter>
    </ClCompile>
    <ClCompile Include="MediaView.cpp">
      <Filter>Media</Filter>
    </ClCompile>
    <ClCompile Include="MediaBar.cpp">
      <Filter>Media\Bar</Filter>
    </ClCompile>
    <ClCompile Include="AddMediaDlg.cpp">
      <Filter>Media\Dialog</Filter>
    </ClCompile>
    <ClCompile Include="MediaDlg.cpp">
      <Filter>Media\Dialog</Filter>
    </ClCompile>
    <ClCompile Include="AnimationDoc.cpp">
      <Filter>Animation</Filter>
    </ClCompile>
    <ClCompile Include="AnimationFrame.cpp">
      <Filter>Animation</Filter>
    </ClCompile>
    <ClCompile Include="AnimationView.cpp">
      <Filter>Animation</Filter>
    </ClCompile>
    <ClCompile Include="AnimationBar.cpp">
      <Filter>Animation\Bar</Filter>
    </ClCompile>
    <ClCompile Include="AddAnimationDlg.cpp">
      <Filter>Animation\Dialog</Filter>
    </ClCompile>
    <ClCompile Include="TimeScaleDlg.cpp">
      <Filter>Animation\Dialog</Filter>
    </ClCompile>
    <ClCompile Include="OBJTypeDoc.cpp">
      <Filter>ObjectType</Filter>
    </ClCompile>
    <ClCompile Include="OBJTypeFrame.cpp">
      <Filter>ObjectType</Filter>
    </ClCompile>
    <ClCompile Include="OBJTypeView.cpp">
      <Filter>ObjectType</Filter>
    </ClCompile>
    <ClCompile Include="ATTRPage.cpp">
      <Filter>ObjectType\PropertyPage</Filter>
    </ClCompile>
    <ClCompile Include="OBJPage.cpp">
      <Filter>ObjectType\PropertyPage</Filter>
    </ClCompile>
    <ClCompile Include="ItemBase.cpp">
      <Filter>Item</Filter>
    </ClCompile>
    <ClCompile Include="Game Studio.cpp">
      <Filter>GameStudio</Filter>
    </ClCompile>
    <ClCompile Include="MainFrm.cpp">
      <Filter>GameStudio</Filter>
    </ClCompile>
    <ClCompile Include="Game StudioDoc.cpp">
      <Filter>GameStudio\Tree</Filter>
    </ClCompile>
    <ClCompile Include="Game StudioView.cpp">
      <Filter>GameStudio\Tree</Filter>
    </ClCompile>
    <ClCompile Include="EditFovDlg.cpp">
      <Filter>GameStudio\Dialog</Filter>
    </ClCompile>
    <ClCompile Include="ItemFinder.cpp">
      <Filter>GameStudio\Dialog</Filter>
    </ClCompile>
    <ClCompile Include="ItemScreenShot.cpp">
      <Filter>GameStudio\Dialog</Filter>
    </ClCompile>
    <ClCompile Include="SelectFormatDlg.cpp">
      <Filter>GameStudio\Dialog</Filter>
    </ClCompile>
    <ClCompile Include="SetBackIMGDlg.cpp">
      <Filter>GameStudio\Dialog</Filter>
    </ClCompile>
    <ClCompile Include="SetIDSeedDlg.cpp">
      <Filter>GameStudio\Dialog</Filter>
    </ClCompile>
    <ClCompile Include="UpdateDlg.cpp">
      <Filter>GameStudio\Dialog</Filter>
    </ClCompile>
    <ClCompile Include="GridDoc.cpp">
      <Filter>GameStudio\Base Document</Filter>
    </ClCompile>
    <ClCompile Include="GuideDoc.cpp">
      <Filter>GameStudio\Base Document</Filter>
    </ClCompile>
    <ClCompile Include="TachyonDoc.cpp">
      <Filter>GameStudio\Base Document</Filter>
    </ClCompile>
    <ClCompile Include="GridView.cpp">
      <Filter>GameStudio\Base View</Filter>
    </ClCompile>
    <ClCompile Include="GuideView.cpp">
      <Filter>GameStudio\Base View</Filter>
    </ClCompile>
    <ClCompile Include="GridFrame.cpp">
      <Filter>GameStudio\Base Frame</Filter>
    </ClCompile>
    <ClCompile Include="GuideFrame.cpp">
      <Filter>GameStudio\Base Frame</Filter>
    </ClCompile>
    <ClCompile Include="BarContent.cpp">
      <Filter>GameStudio\Bar</Filter>
    </ClCompile>
    <ClCompile Include="GSDialogBar.cpp">
      <Filter>GameStudio\Bar</Filter>
    </ClCompile>
    <ClCompile Include="CtrlDef.cpp">
      <Filter>GameStudio\Etc</Filter>
    </ClCompile>
    <ClCompile Include="EditListCtrl.cpp">
      <Filter>GameStudio\Etc</Filter>
    </ClCompile>
    <ClCompile Include="Gizimo.cpp">
      <Filter>GameStudio\Etc</Filter>
    </ClCompile>
    <ClCompile Include="Gizmo.cpp">
      <Filter>GameStudio\Etc</Filter>
    </ClCompile>
    <ClCompile Include="GSEditCtrl.cpp">
      <Filter>GameStudio\Etc</Filter>
    </ClCompile>
    <ClCompile Include="GSListCtrl.cpp">
      <Filter>GameStudio\Etc</Filter>
    </ClCompile>
    <ClCompile Include="GSToolTipWnd.cpp">
      <Filter>GameStudio\Etc</Filter>
    </ClCompile>
    <ClCompile Include="Picking.cpp">
      <Filter>GameStudio\Etc</Filter>
    </ClCompile>
    <ClCompile Include="PlayCtrl.cpp">
      <Filter>GameStudio\Etc</Filter>
    </ClCompile>
    <ClCompile Include="PlayCtrlBar.cpp">
      <Filter>GameStudio\Etc</Filter>
    </ClCompile>
    <ClCompile Include="PreviewDlg.cpp">
      <Filter>GameStudio\Etc</Filter>
    </ClCompile>
    <ClCompile Include="ProgressDlg.cpp">
      <Filter>GameStudio\Etc</Filter>
    </ClCompile>
    <ClCompile Include="TimeSettingDlg.cpp">
      <Filter>GameStudio\Etc</Filter>
    </ClCompile>
    <ClCompile Include="MiniDump.cpp">
      <Filter>Global</Filter>
    </ClCompile>
    <ClCompile Include="stdafx.cpp">
      <Filter>Global</Filter>
    </ClCompile>
    <ClCompile Include="ReplaceDetailTexDlg.cpp" />
  </ItemGroup>
  <ItemGroup>
    <ClInclude Include="FRAMEDoc.h">
      <Filter>Frame</Filter>
    </ClInclude>
    <ClInclude Include="FRAMEFrame.h">
      <Filter>Frame</Filter>
    </ClInclude>
    <ClInclude Include="FRAMEView.h">
      <Filter>Frame</Filter>
    </ClInclude>
    <ClInclude Include="FRAMEBar.h">
      <Filter>Frame\Bar</Filter>
    </ClInclude>
    <ClInclude Include="EditFontColorDlg.h">
      <Filter>Frame\Dialog</Filter>
    </ClInclude>
    <ClInclude Include="EditFontDlg.h">
      <Filter>Frame\Dialog</Filter>
    </ClInclude>
    <ClInclude Include="EditMenuDlg.h">
      <Filter>Frame\Dialog</Filter>
    </ClInclude>
    <ClInclude Include="COMPDoc.h">
      <Filter>Control</Filter>
    </ClInclude>
    <ClInclude Include="COMPFrame.h">
      <Filter>Control</Filter>
    </ClInclude>
    <ClInclude Include="COMPView.h">
      <Filter>Control</Filter>
    </ClInclude>
    <ClInclude Include="COMPBar.h">
      <Filter>Control\Bar</Filter>
    </ClInclude>
    <ClInclude Include="MAPDoc.h">
      <Filter>Map</Filter>
    </ClInclude>
    <ClInclude Include="MAPFrame.h">
      <Filter>Map</Filter>
    </ClInclude>
    <ClInclude Include="MAPView.h">
      <Filter>Map</Filter>
    </ClInclude>
    <ClInclude Include="BSPMAPDoc.h">
      <Filter>Map\BSPMap</Filter>
    </ClInclude>
    <ClInclude Include="BSPMAPFrame.h">
      <Filter>Map\BSPMap</Filter>
    </ClInclude>
    <ClInclude Include="BSPMAPView.h">
      <Filter>Map\BSPMap</Filter>
    </ClInclude>
    <ClInclude Include="BSPMAPBar.h">
      <Filter>Map\BSPMap\Bar</Filter>
    </ClInclude>
    <ClInclude Include="EXTMAPDoc.h">
      <Filter>Map\EXTMap</Filter>
    </ClInclude>
    <ClInclude Include="EXTMAPFrame.h">
      <Filter>Map\EXTMap</Filter>
    </ClInclude>
    <ClInclude Include="EXTMAPView.h">
      <Filter>Map\EXTMap</Filter>
    </ClInclude>
    <ClInclude Include="EXTMAPBar.h">
      <Filter>Map\EXTMap\Bar</Filter>
    </ClInclude>
    <ClInclude Include="MAPLIGHTBar.h">
      <Filter>Map\Bar</Filter>
    </ClInclude>
    <ClInclude Include="MAPOBJBar.h">
      <Filter>Map\Bar</Filter>
    </ClInclude>
    <ClInclude Include="MAPSFXBar.h">
      <Filter>Map\Bar</Filter>
    </ClInclude>
    <ClInclude Include="MAPSNDBar.h">
      <Filter>Map\Bar</Filter>
    </ClInclude>
    <ClInclude Include="AddBSPMapDlg.h">
      <Filter>Map\Dialog</Filter>
    </ClInclude>
    <ClInclude Include="AddHeightMapDlg.h">
      <Filter>Map\Dialog</Filter>
    </ClInclude>
    <ClInclude Include="AddMapDlg.h">
      <Filter>Map\Dialog</Filter>
    </ClInclude>
    <ClInclude Include="AdjustOBJPosDlg.h">
      <Filter>Map\Dialog</Filter>
    </ClInclude>
    <ClInclude Include="BuildEMDlg.h">
      <Filter>Map\Dialog</Filter>
    </ClInclude>
    <ClInclude Include="BuildHeightDlg.h">
      <Filter>Map\Dialog</Filter>
    </ClInclude>
    <ClInclude Include="BuildShadeDlg.h">
      <Filter>Map\Dialog</Filter>
    </ClInclude>
    <ClInclude Include="BuildShadowDlg.h">
      <Filter>Map\Dialog</Filter>
    </ClInclude>
    <ClInclude Include="CleanUNITOBJ.h">
      <Filter>Map\Dialog</Filter>
    </ClInclude>
    <ClInclude Include="DetailTextureDlg.h">
      <Filter>Map\Dialog</Filter>
    </ClInclude>
    <ClInclude Include="EditEnableUNITDlg.h">
      <Filter>Map\Dialog</Filter>
    </ClInclude>
    <ClInclude Include="EditFreezeMode.h">
      <Filter>Map\Dialog</Filter>
    </ClInclude>
    <ClInclude Include="EditHideMode.h">
      <Filter>Map\Dialog</Filter>
    </ClInclude>
    <ClInclude Include="EditUNITDlg.h">
      <Filter>Map\Dialog</Filter>
    </ClInclude>
    <ClInclude Include="LoadRegionDataTexDlg.h">
      <Filter>Map\Dialog</Filter>
    </ClInclude>
    <ClInclude Include="ObjectExchangeDlg.h">
      <Filter>Map\Dialog</Filter>
    </ClInclude>
    <ClInclude Include="RebuildBSPDlg.h">
      <Filter>Map\Dialog</Filter>
    </ClInclude>
    <ClInclude Include="SaveHeightDlg.h">
      <Filter>Map\Dialog</Filter>
    </ClInclude>
    <ClInclude Include="SaveMinimapDlg.h">
      <Filter>Map\Dialog</Filter>
    </ClInclude>
    <ClInclude Include="SelectObjByName.h">
      <Filter>Map\Dialog</Filter>
    </ClInclude>
    <ClInclude Include="SetImportOffsetDlg.h">
      <Filter>Map\Dialog</Filter>
    </ClInclude>
    <ClInclude Include="MeshDoc.h">
      <Filter>Mesh</Filter>
    </ClInclude>
    <ClInclude Include="MeshFrame.h">
      <Filter>Mesh</Filter>
    </ClInclude>
    <ClInclude Include="MeshView.h">
      <Filter>Mesh</Filter>
    </ClInclude>
    <ClInclude Include="MeshBar.h">
      <Filter>Mesh\Bar</Filter>
    </ClInclude>
    <ClInclude Include="AddMeshDlg.h">
      <Filter>Mesh\Dialog</Filter>
    </ClInclude>
    <ClInclude Include="OBJDoc.h">
      <Filter>Object</Filter>
    </ClInclude>
    <ClInclude Include="OBJFrame.h">
      <Filter>Object</Filter>
    </ClInclude>
    <ClInclude Include="OBJView.h">
      <Filter>Object</Filter>
    </ClInclude>
    <ClInclude Include="OBJBar.h">
      <Filter>Object\Bar</Filter>
    </ClInclude>
    <ClInclude Include="EditObjectDlg.h">
      <Filter>Object\Dialog</Filter>
    </ClInclude>
    <ClInclude Include="FrameSkip.h">
      <Filter>SFX</Filter>
    </ClInclude>
    <ClInclude Include="SFXDoc.h">
      <Filter>SFX</Filter>
    </ClInclude>
    <ClInclude Include="SFXFrame.h">
      <Filter>SFX</Filter>
    </ClInclude>
    <ClInclude Include="SFXView.h">
      <Filter>SFX</Filter>
    </ClInclude>
    <ClInclude Include="ParticleBar.h">
      <Filter>SFX\Bar</Filter>
    </ClInclude>
    <ClInclude Include="SFXBar.h">
      <Filter>SFX\Bar</Filter>
    </ClInclude>
    <ClInclude Include="FramesetDlg.h">
      <Filter>SFX\Dialog</Filter>
    </ClInclude>
    <ClInclude Include="TextureDoc.h">
      <Filter>Texture</Filter>
    </ClInclude>
    <ClInclude Include="TextureFrame.h">
      <Filter>Texture</Filter>
    </ClInclude>
    <ClInclude Include="TextureView.h">
      <Filter>Texture</Filter>
    </ClInclude>
    <ClInclude Include="TextureBar.h">
      <Filter>Texture\Bar</Filter>
    </ClInclude>
    <ClInclude Include="AddTextureDlg.h">
      <Filter>Texture\Dialog</Filter>
    </ClInclude>
    <ClInclude Include="ImageDoc.h">
      <Filter>Image</Filter>
    </ClInclude>
    <ClInclude Include="ImageFrame.h">
      <Filter>Image</Filter>
    </ClInclude>
    <ClInclude Include="ImageView.h">
      <Filter>Image</Filter>
    </ClInclude>
    <ClInclude Include="ImageBar.h">
      <Filter>Image\Bar</Filter>
    </ClInclude>
    <ClInclude Include="MediaDoc.h">
      <Filter>Media</Filter>
    </ClInclude>
    <ClInclude Include="MediaFrame.h">
      <Filter>Media</Filter>
    </ClInclude>
    <ClInclude Include="MediaView.h">
      <Filter>Media</Filter>
    </ClInclude>
    <ClInclude Include="MediaBar.h">
      <Filter>Media\Bar</Filter>
    </ClInclude>
    <ClInclude Include="AddMediaDlg.h">
      <Filter>Media\Dialog</Filter>
    </ClInclude>
    <ClInclude Include="MediaDlg.h">
      <Filter>Media\Dialog</Filter>
    </ClInclude>
    <ClInclude Include="AnimationDoc.h">
      <Filter>Animation</Filter>
    </ClInclude>
    <ClInclude Include="AnimationFrame.h">
      <Filter>Animation</Filter>
    </ClInclude>
    <ClInclude Include="AnimationView.h">
      <Filter>Animation</Filter>
    </ClInclude>
    <ClInclude Include="AnimationBar.h">
      <Filter>Animation\Bar</Filter>
    </ClInclude>
    <ClInclude Include="AddAnimationDlg.h">
      <Filter>Animation\Dialog</Filter>
    </ClInclude>
    <ClInclude Include="TimeScaleDlg.h">
      <Filter>Animation\Dialog</Filter>
    </ClInclude>
    <ClInclude Include="OBJTypeDoc.h">
      <Filter>ObjectType</Filter>
    </ClInclude>
    <ClInclude Include="OBJTypeFrame.h">
      <Filter>ObjectType</Filter>
    </ClInclude>
    <ClInclude Include="OBJTypeView.h">
      <Filter>ObjectType</Filter>
    </ClInclude>
    <ClInclude Include="ATTRPage.h">
      <Filter>ObjectType\PropertyPage</Filter>
    </ClInclude>
    <ClInclude Include="OBJPage.h">
      <Filter>ObjectType\PropertyPage</Filter>
    </ClInclude>
    <ClInclude Include="ItemBase.h">
      <Filter>Item</Filter>
    </ClInclude>
    <ClInclude Include="TCMLTag.h">
      <Filter>Item</Filter>
    </ClInclude>
    <ClInclude Include="Game Studio.h">
      <Filter>GameStudio</Filter>
    </ClInclude>
    <ClInclude Include="MainFrm.h">
      <Filter>GameStudio</Filter>
    </ClInclude>
    <ClInclude Include="Game StudioDoc.h">
      <Filter>GameStudio\Tree</Filter>
    </ClInclude>
    <ClInclude Include="Game StudioView.h">
      <Filter>GameStudio\Tree</Filter>
    </ClInclude>
    <ClInclude Include="EditFovDlg.h">
      <Filter>GameStudio\Dialog</Filter>
    </ClInclude>
    <ClInclude Include="ItemFinder.h">
      <Filter>GameStudio\Dialog</Filter>
    </ClInclude>
    <ClInclude Include="ItemScreenShot.h">
      <Filter>GameStudio\Dialog</Filter>
    </ClInclude>
    <ClInclude Include="SelectFormatDlg.h">
      <Filter>GameStudio\Dialog</Filter>
    </ClInclude>
    <ClInclude Include="SetBackIMGDlg.h">
      <Filter>GameStudio\Dialog</Filter>
    </ClInclude>
    <ClInclude Include="SetIDSeedDlg.h">
      <Filter>GameStudio\Dialog</Filter>
    </ClInclude>
    <ClInclude Include="UpdateDlg.h">
      <Filter>GameStudio\Dialog</Filter>
    </ClInclude>
    <ClInclude Include="GridDoc.h">
      <Filter>GameStudio\Base Document</Filter>
    </ClInclude>
    <ClInclude Include="GuideDoc.h">
      <Filter>GameStudio\Base Document</Filter>
    </ClInclude>
    <ClInclude Include="TachyonDoc.h">
      <Filter>GameStudio\Base Document</Filter>
    </ClInclude>
    <ClInclude Include="GridView.h">
      <Filter>GameStudio\Base View</Filter>
    </ClInclude>
    <ClInclude Include="GuideView.h">
      <Filter>GameStudio\Base View</Filter>
    </ClInclude>
    <ClInclude Include="GridFrame.h">
      <Filter>GameStudio\Base Frame</Filter>
    </ClInclude>
    <ClInclude Include="GuideFrame.h">
      <Filter>GameStudio\Base Frame</Filter>
    </ClInclude>
    <ClInclude Include="BarContent.h">
      <Filter>GameStudio\Bar</Filter>
    </ClInclude>
    <ClInclude Include="GSDialogBar.h">
      <Filter>GameStudio\Bar</Filter>
    </ClInclude>
    <ClInclude Include="CtrlDef.h">
      <Filter>GameStudio\Etc</Filter>
    </ClInclude>
    <ClInclude Include="EditListCtrl.h">
      <Filter>GameStudio\Etc</Filter>
    </ClInclude>
    <ClInclude Include="ExternVar.h">
      <Filter>GameStudio\Etc</Filter>
    </ClInclude>
    <ClInclude Include="Gizimo.h">
      <Filter>GameStudio\Etc</Filter>
    </ClInclude>
    <ClInclude Include="Gizmo.h">
      <Filter>GameStudio\Etc</Filter>
    </ClInclude>
    <ClInclude Include="GSEditCtrl.h">
      <Filter>GameStudio\Etc</Filter>
    </ClInclude>
    <ClInclude Include="GSListCtrl.h">
      <Filter>GameStudio\Etc</Filter>
    </ClInclude>
    <ClInclude Include="GSToolTipWnd.h">
      <Filter>GameStudio\Etc</Filter>
    </ClInclude>
    <ClInclude Include="Picking.h">
      <Filter>GameStudio\Etc</Filter>
    </ClInclude>
    <ClInclude Include="PlayCtrl.h">
      <Filter>GameStudio\Etc</Filter>
    </ClInclude>
    <ClInclude Include="PlayCtrlBar.h">
      <Filter>GameStudio\Etc</Filter>
    </ClInclude>
    <ClInclude Include="PreviewDlg.h">
      <Filter>GameStudio\Etc</Filter>
    </ClInclude>
    <ClInclude Include="ProgressDlg.h">
      <Filter>GameStudio\Etc</Filter>
    </ClInclude>
    <ClInclude Include="StaticMesh.h">
      <Filter>GameStudio\Etc</Filter>
    </ClInclude>
    <ClInclude Include="TimeSettingDlg.h">
      <Filter>GameStudio\Etc</Filter>
    </ClInclude>
    <ClInclude Include="MiniDump.h">
      <Filter>Global</Filter>
    </ClInclude>
    <ClInclude Include="stdafx.h">
      <Filter>Global</Filter>
    </ClInclude>
    <ClInclude Include="ReplaceDetailTexDlg.h" />
  </ItemGroup>
  <ItemGroup>
    <CustomBuild Include="res\Game Studio.manifest">
      <Filter>리소스 파일</Filter>
    </CustomBuild>
    <CustomBuild Include="Resource.h">
      <Filter>Global</Filter>
    </CustomBuild>
  </ItemGroup>
</Project>